
Microsoft Visual Studio Solution File, Format Version 12.00
# Visual Studio 2012
Project("{8BC9CEB8-8B4A-11D0-8D11-00A0C91BC942}") = "psarc", "psarc\psarc.vcxproj", "{2F36903F-A7FB-4F90-9A54-482E2D81407B}"
EndProject
Global
	GlobalSection(SolutionConfigurationPlatforms) = preSolution
		Debug|Win32 = Debug|Win32
		Release|Win32 = Release|Win32
	EndGlobalSection
	GlobalSection(ProjectConfigurationPlatforms) = postSolution
		{2F36903F-A7FB-4F90-9A54-482E2D81407B}.Debug|Win32.ActiveCfg = Debug|Win32
		{2F36903F-A7FB-4F90-9A54-482E2D81407B}.Debug|Win32.Build.0 = Debug|Win32
		{2F36903F-A7FB-4F90-9A54-482E2D81407B}.Release|Win32.ActiveCfg = Release|Win32
		{2F36903F-A7FB-4F90-9A54-482E2D81407B}.Release|Win32.Build.0 = Release|Win32
	EndGlobalSection
	GlobalSection(SolutionProperties) = preSolution
		HideSolutionNode = FALSE
	EndGlobalSection
EndGlobal
